
Microsoft Visual Studio Solution File, Format Version 12.00
# Visual Studio Version 17
VisualStudioVersion = 17.13.35818.85 d17.13
MinimumVisualStudioVersion = 10.0.40219.1
Project("{FAE04EC0-301F-11D3-BF4B-00C04F79EFBC}") = "Action", "Action\Action.csproj", "{0F331E5C-BF55-44AC-96BD-6B49A7068F29}"
EndProject
Global
	GlobalSection(SolutionConfigurationPlatforms) = preSolution
		Debug|Any CPU = Debug|Any CPU
		Release|Any CPU = Release|Any CPU
	EndGlobalSection
	GlobalSection(ProjectConfigurationPlatforms) = postSolution
		{0F331E5C-BF55-44AC-96BD-6B49A7068F29}.Debug|Any CPU.ActiveCfg = Debug|Any CPU
		{0F331E5C-BF55-44AC-96BD-6B49A7068F29}.Debug|Any CPU.Build.0 = Debug|Any CPU
		{0F331E5C-BF55-44AC-96BD-6B49A7068F29}.Release|Any CPU.ActiveCfg = Release|Any CPU
		{0F331E5C-BF55-44AC-96BD-6B49A7068F29}.Release|Any CPU.Build.0 = Release|Any CPU
	EndGlobalSection
	GlobalSection(SolutionProperties) = preSolution
		HideSolutionNode = FALSE
	EndGlobalSection
	GlobalSection(ExtensibilityGlobals) = postSolution
		SolutionGuid = {E59D5EB9-0680-493D-926E-116A91BFF241}
	EndGlobalSection
EndGlobal
