
Microsoft Visual Studio Solution File, Format Version 12.00
# Visual Studio Version 17
VisualStudioVersion = 17.13.35818.85 d17.13
MinimumVisualStudioVersion = 10.0.40219.1
Project("{FAE04EC0-301F-11D3-BF4B-00C04F79EFBC}") = "loading", "loading\loading.csproj", "{1A718A03-B186-4CD9-BE4F-C5B0703CDDE7}"
EndProject
Global
	GlobalSection(SolutionConfigurationPlatforms) = preSolution
		Debug|Any CPU = Debug|Any CPU
		Release|Any CPU = Release|Any CPU
	EndGlobalSection
	GlobalSection(ProjectConfigurationPlatforms) = postSolution
		{1A718A03-B186-4CD9-BE4F-C5B0703CDDE7}.Debug|Any CPU.ActiveCfg = Debug|Any CPU
		{1A718A03-B186-4CD9-BE4F-C5B0703CDDE7}.Debug|Any CPU.Build.0 = Debug|Any CPU
		{1A718A03-B186-4CD9-BE4F-C5B0703CDDE7}.Release|Any CPU.ActiveCfg = Release|Any CPU
		{1A718A03-B186-4CD9-BE4F-C5B0703CDDE7}.Release|Any CPU.Build.0 = Release|Any CPU
	EndGlobalSection
	GlobalSection(SolutionProperties) = preSolution
		HideSolutionNode = FALSE
	EndGlobalSection
	GlobalSection(ExtensibilityGlobals) = postSolution
		SolutionGuid = {1C387F08-DC8B-4BC5-A8FC-22F6A36B63B1}
	EndGlobalSection
EndGlobal
