
Microsoft Visual Studio Solution File, Format Version 12.00
# Visual Studio Version 17
VisualStudioVersion = 17.13.35818.85 d17.13
MinimumVisualStudioVersion = 10.0.40219.1
Project("{FAE04EC0-301F-11D3-BF4B-00C04F79EFBC}") = "Likelion09", "Likelion09\Likelion09.csproj", "{F1BEF6BE-C0EA-4C9D-9D42-B7F853A10203}"
EndProject
Global
	GlobalSection(SolutionConfigurationPlatforms) = preSolution
		Debug|Any CPU = Debug|Any CPU
		Release|Any CPU = Release|Any CPU
	EndGlobalSection
	GlobalSection(ProjectConfigurationPlatforms) = postSolution
		{F1BEF6BE-C0EA-4C9D-9D42-B7F853A10203}.Debug|Any CPU.ActiveCfg = Debug|Any CPU
		{F1BEF6BE-C0EA-4C9D-9D42-B7F853A10203}.Debug|Any CPU.Build.0 = Debug|Any CPU
		{F1BEF6BE-C0EA-4C9D-9D42-B7F853A10203}.Release|Any CPU.ActiveCfg = Release|Any CPU
		{F1BEF6BE-C0EA-4C9D-9D42-B7F853A10203}.Release|Any CPU.Build.0 = Release|Any CPU
	EndGlobalSection
	GlobalSection(SolutionProperties) = preSolution
		HideSolutionNode = FALSE
	EndGlobalSection
	GlobalSection(ExtensibilityGlobals) = postSolution
		SolutionGuid = {4A2D88C0-D8CC-49E4-B801-74706DE5912D}
	EndGlobalSection
EndGlobal
