
Microsoft Visual Studio Solution File, Format Version 12.00
# Visual Studio Version 17
VisualStudioVersion = 17.13.35818.85 d17.13
MinimumVisualStudioVersion = 10.0.40219.1
Project("{FAE04EC0-301F-11D3-BF4B-00C04F79EFBC}") = "Likelion15", "Likelion15\Likelion15.csproj", "{A220A840-904E-49B2-BC98-757E2797E668}"
EndProject
Global
	GlobalSection(SolutionConfigurationPlatforms) = preSolution
		Debug|Any CPU = Debug|Any CPU
		Release|Any CPU = Release|Any CPU
	EndGlobalSection
	GlobalSection(ProjectConfigurationPlatforms) = postSolution
		{A220A840-904E-49B2-BC98-757E2797E668}.Debug|Any CPU.ActiveCfg = Debug|Any CPU
		{A220A840-904E-49B2-BC98-757E2797E668}.Debug|Any CPU.Build.0 = Debug|Any CPU
		{A220A840-904E-49B2-BC98-757E2797E668}.Release|Any CPU.ActiveCfg = Release|Any CPU
		{A220A840-904E-49B2-BC98-757E2797E668}.Release|Any CPU.Build.0 = Release|Any CPU
	EndGlobalSection
	GlobalSection(SolutionProperties) = preSolution
		HideSolutionNode = FALSE
	EndGlobalSection
	GlobalSection(ExtensibilityGlobals) = postSolution
		SolutionGuid = {889DA318-9FE6-4E95-97C7-3EEC6C8A2705}
	EndGlobalSection
EndGlobal
