
Microsoft Visual Studio Solution File, Format Version 12.00
# Visual Studio Version 17
VisualStudioVersion = 17.13.35818.85 d17.13
MinimumVisualStudioVersion = 10.0.40219.1
Project("{FAE04EC0-301F-11D3-BF4B-00C04F79EFBC}") = "Likelion21", "Likelion21\Likelion21.csproj", "{CE70AF07-6409-4C82-9479-0BF7AC02CF42}"
EndProject
Global
	GlobalSection(SolutionConfigurationPlatforms) = preSolution
		Debug|Any CPU = Debug|Any CPU
		Release|Any CPU = Release|Any CPU
	EndGlobalSection
	GlobalSection(ProjectConfigurationPlatforms) = postSolution
		{CE70AF07-6409-4C82-9479-0BF7AC02CF42}.Debug|Any CPU.ActiveCfg = Debug|Any CPU
		{CE70AF07-6409-4C82-9479-0BF7AC02CF42}.Debug|Any CPU.Build.0 = Debug|Any CPU
		{CE70AF07-6409-4C82-9479-0BF7AC02CF42}.Release|Any CPU.ActiveCfg = Release|Any CPU
		{CE70AF07-6409-4C82-9479-0BF7AC02CF42}.Release|Any CPU.Build.0 = Release|Any CPU
	EndGlobalSection
	GlobalSection(SolutionProperties) = preSolution
		HideSolutionNode = FALSE
	EndGlobalSection
	GlobalSection(ExtensibilityGlobals) = postSolution
		SolutionGuid = {CDDD7634-3164-425D-AF24-F5C3E55FA8E1}
	EndGlobalSection
EndGlobal
