
Microsoft Visual Studio Solution File, Format Version 12.00
# Visual Studio Version 17
VisualStudioVersion = 17.13.35818.85 d17.13
MinimumVisualStudioVersion = 10.0.40219.1
Project("{FAE04EC0-301F-11D3-BF4B-00C04F79EFBC}") = "Likelion13", "Likelion13\Likelion13.csproj", "{F760B059-DE8B-4933-90E2-F5E41DD08D41}"
EndProject
Global
	GlobalSection(SolutionConfigurationPlatforms) = preSolution
		Debug|Any CPU = Debug|Any CPU
		Release|Any CPU = Release|Any CPU
	EndGlobalSection
	GlobalSection(ProjectConfigurationPlatforms) = postSolution
		{F760B059-DE8B-4933-90E2-F5E41DD08D41}.Debug|Any CPU.ActiveCfg = Debug|Any CPU
		{F760B059-DE8B-4933-90E2-F5E41DD08D41}.Debug|Any CPU.Build.0 = Debug|Any CPU
		{F760B059-DE8B-4933-90E2-F5E41DD08D41}.Release|Any CPU.ActiveCfg = Release|Any CPU
		{F760B059-DE8B-4933-90E2-F5E41DD08D41}.Release|Any CPU.Build.0 = Release|Any CPU
	EndGlobalSection
	GlobalSection(SolutionProperties) = preSolution
		HideSolutionNode = FALSE
	EndGlobalSection
	GlobalSection(ExtensibilityGlobals) = postSolution
		SolutionGuid = {4FC1A2AC-348B-40DD-8CC2-731119AEA8D3}
	EndGlobalSection
EndGlobal
