
Microsoft Visual Studio Solution File, Format Version 12.00
# Visual Studio Version 17
VisualStudioVersion = 17.13.35818.85 d17.13
MinimumVisualStudioVersion = 10.0.40219.1
Project("{FAE04EC0-301F-11D3-BF4B-00C04F79EFBC}") = "Likelion_07", "Likelion_07\Likelion_07.csproj", "{F70EDE52-8E91-40DA-912A-6516A5C198BF}"
EndProject
Global
	GlobalSection(SolutionConfigurationPlatforms) = preSolution
		Debug|Any CPU = Debug|Any CPU
		Release|Any CPU = Release|Any CPU
	EndGlobalSection
	GlobalSection(ProjectConfigurationPlatforms) = postSolution
		{F70EDE52-8E91-40DA-912A-6516A5C198BF}.Debug|Any CPU.ActiveCfg = Debug|Any CPU
		{F70EDE52-8E91-40DA-912A-6516A5C198BF}.Debug|Any CPU.Build.0 = Debug|Any CPU
		{F70EDE52-8E91-40DA-912A-6516A5C198BF}.Release|Any CPU.ActiveCfg = Release|Any CPU
		{F70EDE52-8E91-40DA-912A-6516A5C198BF}.Release|Any CPU.Build.0 = Release|Any CPU
	EndGlobalSection
	GlobalSection(SolutionProperties) = preSolution
		HideSolutionNode = FALSE
	EndGlobalSection
	GlobalSection(ExtensibilityGlobals) = postSolution
		SolutionGuid = {367902AB-4163-4F9F-8CDF-5925560C2477}
	EndGlobalSection
EndGlobal
