
Microsoft Visual Studio Solution File, Format Version 12.00
# Visual Studio Version 17
VisualStudioVersion = 17.13.35818.85 d17.13
MinimumVisualStudioVersion = 10.0.40219.1
Project("{FAE04EC0-301F-11D3-BF4B-00C04F79EFBC}") = "Likelion19", "Likelion19\Likelion19.csproj", "{FE62CC55-99DE-4C7E-94EC-1BC3EA63C766}"
EndProject
Global
	GlobalSection(SolutionConfigurationPlatforms) = preSolution
		Debug|Any CPU = Debug|Any CPU
		Release|Any CPU = Release|Any CPU
	EndGlobalSection
	GlobalSection(ProjectConfigurationPlatforms) = postSolution
		{FE62CC55-99DE-4C7E-94EC-1BC3EA63C766}.Debug|Any CPU.ActiveCfg = Debug|Any CPU
		{FE62CC55-99DE-4C7E-94EC-1BC3EA63C766}.Debug|Any CPU.Build.0 = Debug|Any CPU
		{FE62CC55-99DE-4C7E-94EC-1BC3EA63C766}.Release|Any CPU.ActiveCfg = Release|Any CPU
		{FE62CC55-99DE-4C7E-94EC-1BC3EA63C766}.Release|Any CPU.Build.0 = Release|Any CPU
	EndGlobalSection
	GlobalSection(SolutionProperties) = preSolution
		HideSolutionNode = FALSE
	EndGlobalSection
	GlobalSection(ExtensibilityGlobals) = postSolution
		SolutionGuid = {F29CBA6A-00DA-4D2A-8C3B-307B9B647CE4}
	EndGlobalSection
EndGlobal
