
Microsoft Visual Studio Solution File, Format Version 12.00
# Visual Studio Version 17
VisualStudioVersion = 17.13.35818.85 d17.13
MinimumVisualStudioVersion = 10.0.40219.1
Project("{FAE04EC0-301F-11D3-BF4B-00C04F79EFBC}") = "TEXTRPG", "TEXTRPG\TEXTRPG.csproj", "{14E47455-9804-454F-BE30-C68759AA1081}"
EndProject
Global
	GlobalSection(SolutionConfigurationPlatforms) = preSolution
		Debug|Any CPU = Debug|Any CPU
		Release|Any CPU = Release|Any CPU
	EndGlobalSection
	GlobalSection(ProjectConfigurationPlatforms) = postSolution
		{14E47455-9804-454F-BE30-C68759AA1081}.Debug|Any CPU.ActiveCfg = Debug|Any CPU
		{14E47455-9804-454F-BE30-C68759AA1081}.Debug|Any CPU.Build.0 = Debug|Any CPU
		{14E47455-9804-454F-BE30-C68759AA1081}.Release|Any CPU.ActiveCfg = Release|Any CPU
		{14E47455-9804-454F-BE30-C68759AA1081}.Release|Any CPU.Build.0 = Release|Any CPU
	EndGlobalSection
	GlobalSection(SolutionProperties) = preSolution
		HideSolutionNode = FALSE
	EndGlobalSection
	GlobalSection(ExtensibilityGlobals) = postSolution
		SolutionGuid = {6361B9EE-1159-4613-AF5F-14DB0A3B0FB0}
	EndGlobalSection
EndGlobal
